
Microsoft Visual Studio Solution File, Format Version 12.00
# Visual Studio Version 16
VisualStudioVersion = 16.0.32002.261
MinimumVisualStudioVersion = 10.0.40219.1
Project("{FAE04EC0-301F-11D3-BF4B-00C04F79EFBC}") = "C Alexandre e Gabriela", "C Alexandre e Gabriela\C Alexandre e Gabriela.csproj", "{0BA261AD-18E3-48A3-AD57-A654EDA3FEE8}"
EndProject
Global
	GlobalSection(SolutionConfigurationPlatforms) = preSolution
		Debug|Any CPU = Debug|Any CPU
		Release|Any CPU = Release|Any CPU
	EndGlobalSection
	GlobalSection(ProjectConfigurationPlatforms) = postSolution
		{0BA261AD-18E3-48A3-AD57-A654EDA3FEE8}.Debug|Any CPU.ActiveCfg = Debug|Any CPU
		{0BA261AD-18E3-48A3-AD57-A654EDA3FEE8}.Debug|Any CPU.Build.0 = Debug|Any CPU
		{0BA261AD-18E3-48A3-AD57-A654EDA3FEE8}.Release|Any CPU.ActiveCfg = Release|Any CPU
		{0BA261AD-18E3-48A3-AD57-A654EDA3FEE8}.Release|Any CPU.Build.0 = Release|Any CPU
	EndGlobalSection
	GlobalSection(SolutionProperties) = preSolution
		HideSolutionNode = FALSE
	EndGlobalSection
	GlobalSection(ExtensibilityGlobals) = postSolution
		SolutionGuid = {567DA58A-1042-4893-A37B-491BE823E03E}
	EndGlobalSection
EndGlobal
